
Microsoft Visual Studio Solution File, Format Version 12.00
# Visual Studio 14
VisualStudioVersion = 14.0.24720.0
MinimumVisualStudioVersion = 10.0.40219.1
Project("{8BC9CEB8-8B4A-11D0-8D11-00A0C91BC942}") = "Enso", "DubuEngine\DubuEngine.vcxproj", "{D2B58B27-0375-4EB7-BCE6-E40C11D80AD1}"
EndProject
Project("{8BC9CEB8-8B4A-11D0-8D11-00A0C91BC942}") = "DubuEngineServer", "DubuEngineServer\DubuEngineServer.vcxproj", "{83487031-F313-489F-81B1-EF0D421AE7D1}"
EndProject
Global
	GlobalSection(SolutionConfigurationPlatforms) = preSolution
		Debug|Any CPU = Debug|Any CPU
		Debug|ARM = Debug|ARM
		Debug|x64 = Debug|x64
		Debug|x86 = Debug|x86
		Release|Any CPU = Release|Any CPU
		Release|ARM = Release|ARM
		Release|x64 = Release|x64
		Release|x86 = Release|x86
	EndGlobalSection
	GlobalSection(ProjectConfigurationPlatforms) = postSolution
		{D2B58B27-0375-4EB7-BCE6-E40C11D80AD1}.Debug|Any CPU.ActiveCfg = Debug|Win32
		{D2B58B27-0375-4EB7-BCE6-E40C11D80AD1}.Debug|ARM.ActiveCfg = Debug|Win32
		{D2B58B27-0375-4EB7-BCE6-E40C11D80AD1}.Debug|x64.ActiveCfg = Debug|x64
		{D2B58B27-0375-4EB7-BCE6-E40C11D80AD1}.Debug|x64.Build.0 = Debug|x64
		{D2B58B27-0375-4EB7-BCE6-E40C11D80AD1}.Debug|x86.ActiveCfg = Debug|Win32
		{D2B58B27-0375-4EB7-BCE6-E40C11D80AD1}.Debug|x86.Build.0 = Debug|Win32
		{D2B58B27-0375-4EB7-BCE6-E40C11D80AD1}.Release|Any CPU.ActiveCfg = Release|Win32
		{D2B58B27-0375-4EB7-BCE6-E40C11D80AD1}.Release|ARM.ActiveCfg = Release|Win32
		{D2B58B27-0375-4EB7-BCE6-E40C11D80AD1}.Release|x64.ActiveCfg = Release|x64
		{D2B58B27-0375-4EB7-BCE6-E40C11D80AD1}.Release|x64.Build.0 = Release|x64
		{D2B58B27-0375-4EB7-BCE6-E40C11D80AD1}.Release|x86.ActiveCfg = Release|Win32
		{D2B58B27-0375-4EB7-BCE6-E40C11D80AD1}.Release|x86.Build.0 = Release|Win32
		{83487031-F313-489F-81B1-EF0D421AE7D1}.Debug|Any CPU.ActiveCfg = Debug|Win32
		{83487031-F313-489F-81B1-EF0D421AE7D1}.Debug|ARM.ActiveCfg = Debug|Win32
		{83487031-F313-489F-81B1-EF0D421AE7D1}.Debug|x64.ActiveCfg = Debug|x64
		{83487031-F313-489F-81B1-EF0D421AE7D1}.Debug|x64.Build.0 = Debug|x64
		{83487031-F313-489F-81B1-EF0D421AE7D1}.Debug|x86.ActiveCfg = Debug|Win32
		{83487031-F313-489F-81B1-EF0D421AE7D1}.Debug|x86.Build.0 = Debug|Win32
		{83487031-F313-489F-81B1-EF0D421AE7D1}.Release|Any CPU.ActiveCfg = Release|Win32
		{83487031-F313-489F-81B1-EF0D421AE7D1}.Release|ARM.ActiveCfg = Release|Win32
		{83487031-F313-489F-81B1-EF0D421AE7D1}.Release|x64.ActiveCfg = Release|x64
		{83487031-F313-489F-81B1-EF0D421AE7D1}.Release|x64.Build.0 = Release|x64
		{83487031-F313-489F-81B1-EF0D421AE7D1}.Release|x86.ActiveCfg = Release|Win32
		{83487031-F313-489F-81B1-EF0D421AE7D1}.Release|x86.Build.0 = Release|Win32
	EndGlobalSection
	GlobalSection(SolutionProperties) = preSolution
		HideSolutionNode = FALSE
	EndGlobalSection
EndGlobal
